// !$*UTF8*$!
{
	archiveVersion = 1;
	classes = {
	};
	objectVersion = 51;
	objects = {

/* Begin PBXBuildFile section */
		C31B1AF52431EB60002FE9A6 /* WMAlbumCover.swift in Sources */ = {isa = PBXBuildFile; fileRef = C31B1AF42431EB60002FE9A6 /* WMAlbumCover.swift */; };
		C31B1AF72431EBA6002FE9A6 /* Constants.swift in Sources */ = {isa = PBXBuildFile; fileRef = C31B1AF62431EBA6002FE9A6 /* Constants.swift */; };
		C31C0257243582E40030FA11 /* ImageCacheLoader.swift in Sources */ = {isa = PBXBuildFile; fileRef = C31C0256243582E40030FA11 /* ImageCacheLoader.swift */; };
		C31C02592435867F0030FA11 /* ImageDownloader.swift in Sources */ = {isa = PBXBuildFile; fileRef = C31C02582435867F0030FA11 /* ImageDownloader.swift */; };
		C31C025D2435909B0030FA11 /* ImageViewExtension.swift in Sources */ = {isa = PBXBuildFile; fileRef = C31C025C2435909B0030FA11 /* ImageViewExtension.swift */; };
		C31C025F243596D80030FA11 /* ImageLoadManager.swift in Sources */ = {isa = PBXBuildFile; fileRef = C31C025E243596D80030FA11 /* ImageLoadManager.swift */; };
		C31D1CCD24331322005DB1A1 /* WMHTTPTool.swift in Sources */ = {isa = PBXBuildFile; fileRef = C31D1CCC24331322005DB1A1 /* WMHTTPTool.swift */; };
		C3239BC624345932000ED609 /* WMExtensionView.swift in Sources */ = {isa = PBXBuildFile; fileRef = C3239BC524345932000ED609 /* WMExtensionView.swift */; };
		C3239BCB24349644000ED609 /* ImageCache.swift in Sources */ = {isa = PBXBuildFile; fileRef = C3239BCA24349644000ED609 /* ImageCache.swift */; };
		C33604A02430290000FC8B31 /* WMTweetTableViewAdapter.swift in Sources */ = {isa = PBXBuildFile; fileRef = C336049F2430290000FC8B31 /* WMTweetTableViewAdapter.swift */; };
		C33604A4243055E400FC8B31 /* WMTweetImageContentView.swift in Sources */ = {isa = PBXBuildFile; fileRef = C33604A3243055E400FC8B31 /* WMTweetImageContentView.swift */; };
		C33604A6243062DD00FC8B31 /* WMImageContentConfig.swift in Sources */ = {isa = PBXBuildFile; fileRef = C33604A5243062DD00FC8B31 /* WMImageContentConfig.swift */; };
		C33604A824307BEC00FC8B31 /* WMTweetTextImageContentView.swift in Sources */ = {isa = PBXBuildFile; fileRef = C33604A724307BEC00FC8B31 /* WMTweetTextImageContentView.swift */; };
		C33604AA24307E8700FC8B31 /* WMTextImageContentConfig.swift in Sources */ = {isa = PBXBuildFile; fileRef = C33604A924307E8700FC8B31 /* WMTextImageContentConfig.swift */; };
		C33604AC2430936500FC8B31 /* WMTweetMultipleImageContentView.swift in Sources */ = {isa = PBXBuildFile; fileRef = C33604AB2430936500FC8B31 /* WMTweetMultipleImageContentView.swift */; };
		C33604AE2430940300FC8B31 /* WMMultipleImageContentConfig.swift in Sources */ = {isa = PBXBuildFile; fileRef = C33604AD2430940300FC8B31 /* WMMultipleImageContentConfig.swift */; };
		C345B0D4242EE45200B7A7EC /* AppDelegate.swift in Sources */ = {isa = PBXBuildFile; fileRef = C345B0D3242EE45200B7A7EC /* AppDelegate.swift */; };
		C345B0D6242EE45200B7A7EC /* SceneDelegate.swift in Sources */ = {isa = PBXBuildFile; fileRef = C345B0D5242EE45200B7A7EC /* SceneDelegate.swift */; };
		C345B0DB242EE45200B7A7EC /* Main.storyboard in Resources */ = {isa = PBXBuildFile; fileRef = C345B0D9242EE45200B7A7EC /* Main.storyboard */; };
		C345B0DD242EE45400B7A7EC /* Assets.xcassets in Resources */ = {isa = PBXBuildFile; fileRef = C345B0DC242EE45400B7A7EC /* Assets.xcassets */; };
		C345B0E0242EE45400B7A7EC /* LaunchScreen.storyboard in Resources */ = {isa = PBXBuildFile; fileRef = C345B0DE242EE45400B7A7EC /* LaunchScreen.storyboard */; };
		C345B0EB242EE45500B7A7EC /* WechatMomentsTests.swift in Sources */ = {isa = PBXBuildFile; fileRef = C345B0EA242EE45500B7A7EC /* WechatMomentsTests.swift */; };
		C345B0FD242EED9000B7A7EC /* WMTweetsListViewController.swift in Sources */ = {isa = PBXBuildFile; fileRef = C345B0FC242EED9000B7A7EC /* WMTweetsListViewController.swift */; };
		C345B0FF242EEDB300B7A7EC /* WMCustomNavBar.swift in Sources */ = {isa = PBXBuildFile; fileRef = C345B0FE242EEDB300B7A7EC /* WMCustomNavBar.swift */; };
		C345B101242EF0DE00B7A7EC /* Pods_WechatMoments.framework in Frameworks */ = {isa = PBXBuildFile; fileRef = C345B100242EF0DE00B7A7EC /* Pods_WechatMoments.framework */; };
		C345B105242EF53300B7A7EC /* homework.json in Resources */ = {isa = PBXBuildFile; fileRef = C345B104242EF53300B7A7EC /* homework.json */; };
		C345B10B242EF77F00B7A7EC /* WMTweetModel.swift in Sources */ = {isa = PBXBuildFile; fileRef = C345B10A242EF77F00B7A7EC /* WMTweetModel.swift */; };
		C345B10F242F288500B7A7EC /* WMFileManager.swift in Sources */ = {isa = PBXBuildFile; fileRef = C345B10E242F288500B7A7EC /* WMFileManager.swift */; };
		C345B112242F29A900B7A7EC /* WMTweetCell.swift in Sources */ = {isa = PBXBuildFile; fileRef = C345B111242F29A900B7A7EC /* WMTweetCell.swift */; };
		C345B115242F2C9E00B7A7EC /* WMDataProvider.swift in Sources */ = {isa = PBXBuildFile; fileRef = C345B114242F2C9E00B7A7EC /* WMDataProvider.swift */; };
		C3F50ED8242F82D800AC24F8 /* WMAvatarImageView.swift in Sources */ = {isa = PBXBuildFile; fileRef = C3F50ED7242F82D800AC24F8 /* WMAvatarImageView.swift */; };
		C3F50EDA242F83BE00AC24F8 /* WMConfig.swift in Sources */ = {isa = PBXBuildFile; fileRef = C3F50ED9242F83BE00AC24F8 /* WMConfig.swift */; };
		C3F50EDD242F858B00AC24F8 /* ImageExtension.swift in Sources */ = {isa = PBXBuildFile; fileRef = C3F50EDC242F858B00AC24F8 /* ImageExtension.swift */; };
		C3F50EDF242F931A00AC24F8 /* WMCommentsView.swift in Sources */ = {isa = PBXBuildFile; fileRef = C3F50EDE242F931A00AC24F8 /* WMCommentsView.swift */; };
		C3F50EE2242F99A400AC24F8 /* WMCellLayoutConfigProtocol.swift in Sources */ = {isa = PBXBuildFile; fileRef = C3F50EE1242F99A400AC24F8 /* WMCellLayoutConfigProtocol.swift */; };
		C3F50EE4242F9DC700AC24F8 /* WMTweetContentView.swift in Sources */ = {isa = PBXBuildFile; fileRef = C3F50EE3242F9DC700AC24F8 /* WMTweetContentView.swift */; };
		C3F50EE6242FA11F00AC24F8 /* WMCellLayoutConfig.swift in Sources */ = {isa = PBXBuildFile; fileRef = C3F50EE5242FA11F00AC24F8 /* WMCellLayoutConfig.swift */; };
		C3F50EE9242FA3C000AC24F8 /* WMCellContentConfigProtocol.swift in Sources */ = {isa = PBXBuildFile; fileRef = C3F50EE8242FA3C000AC24F8 /* WMCellContentConfigProtocol.swift */; };
		C3F50EEC242FA63700AC24F8 /* WMTextContentConfig.swift in Sources */ = {isa = PBXBuildFile; fileRef = C3F50EEB242FA63700AC24F8 /* WMTextContentConfig.swift */; };
		C3F50EEE242FA84A00AC24F8 /* WMTweetTextContentView.swift in Sources */ = {isa = PBXBuildFile; fileRef = C3F50EED242FA84A00AC24F8 /* WMTweetTextContentView.swift */; };
/* End PBXBuildFile section */

/* Begin PBXContainerItemProxy section */
		C345B0E7242EE45500B7A7EC /* PBXContainerItemProxy */ = {
			isa = PBXContainerItemProxy;
			containerPortal = C345B0C8242EE45200B7A7EC /* Project object */;
			proxyType = 1;
			remoteGlobalIDString = C345B0CF242EE45200B7A7EC;
			remoteInfo = WechatMoments;
		};
/* End PBXContainerItemProxy section */

/* Begin PBXFileReference section */
		6E09B2921E7EDDA6DBD33F72 /* Pods_WechatMoments.framework */ = {isa = PBXFileReference; explicitFileType = wrapper.framework; includeInIndex = 0; path = Pods_WechatMoments.framework; sourceTree = BUILT_PRODUCTS_DIR; };
		8E3D9E274724B3925F73C0F6 /* Pods-WechatMoments.debug.xcconfig */ = {isa = PBXFileReference; includeInIndex = 1; lastKnownFileType = text.xcconfig; name = "Pods-WechatMoments.debug.xcconfig"; path = "Target Support Files/Pods-WechatMoments/Pods-WechatMoments.debug.xcconfig"; sourceTree = "<group>"; };
		B4A47CA3426B4FE3E1786EC0 /* Pods-WechatMoments.release.xcconfig */ = {isa = PBXFileReference; includeInIndex = 1; lastKnownFileType = text.xcconfig; name = "Pods-WechatMoments.release.xcconfig"; path = "Target Support Files/Pods-WechatMoments/Pods-WechatMoments.release.xcconfig"; sourceTree = "<group>"; };
		C31B1AF42431EB60002FE9A6 /* WMAlbumCover.swift */ = {isa = PBXFileReference; lastKnownFileType = sourcecode.swift; path = WMAlbumCover.swift; sourceTree = "<group>"; };
		C31B1AF62431EBA6002FE9A6 /* Constants.swift */ = {isa = PBXFileReference; lastKnownFileType = sourcecode.swift; path = Constants.swift; sourceTree = "<group>"; };
		C31C0256243582E40030FA11 /* ImageCacheLoader.swift */ = {isa = PBXFileReference; lastKnownFileType = sourcecode.swift; path = ImageCacheLoader.swift; sourceTree = "<group>"; };
		C31C02582435867F0030FA11 /* ImageDownloader.swift */ = {isa = PBXFileReference; lastKnownFileType = sourcecode.swift; path = ImageDownloader.swift; sourceTree = "<group>"; };
		C31C025C2435909B0030FA11 /* ImageViewExtension.swift */ = {isa = PBXFileReference; lastKnownFileType = sourcecode.swift; path = ImageViewExtension.swift; sourceTree = "<group>"; };
		C31C025E243596D80030FA11 /* ImageLoadManager.swift */ = {isa = PBXFileReference; lastKnownFileType = sourcecode.swift; path = ImageLoadManager.swift; sourceTree = "<group>"; };
		C31D1CCC24331322005DB1A1 /* WMHTTPTool.swift */ = {isa = PBXFileReference; lastKnownFileType = sourcecode.swift; path = WMHTTPTool.swift; sourceTree = "<group>"; };
		C3239BC524345932000ED609 /* WMExtensionView.swift */ = {isa = PBXFileReference; lastKnownFileType = sourcecode.swift; path = WMExtensionView.swift; sourceTree = "<group>"; };
		C3239BCA24349644000ED609 /* ImageCache.swift */ = {isa = PBXFileReference; lastKnownFileType = sourcecode.swift; path = ImageCache.swift; sourceTree = "<group>"; };
		C336049F2430290000FC8B31 /* WMTweetTableViewAdapter.swift */ = {isa = PBXFileReference; lastKnownFileType = sourcecode.swift; path = WMTweetTableViewAdapter.swift; sourceTree = "<group>"; };
		C33604A3243055E400FC8B31 /* WMTweetImageContentView.swift */ = {isa = PBXFileReference; lastKnownFileType = sourcecode.swift; path = WMTweetImageContentView.swift; sourceTree = "<group>"; };
		C33604A5243062DD00FC8B31 /* WMImageContentConfig.swift */ = {isa = PBXFileReference; lastKnownFileType = sourcecode.swift; path = WMImageContentConfig.swift; sourceTree = "<group>"; };
		C33604A724307BEC00FC8B31 /* WMTweetTextImageContentView.swift */ = {isa = PBXFileReference; lastKnownFileType = sourcecode.swift; path = WMTweetTextImageContentView.swift; sourceTree = "<group>"; };
		C33604A924307E8700FC8B31 /* WMTextImageContentConfig.swift */ = {isa = PBXFileReference; lastKnownFileType = sourcecode.swift; path = WMTextImageContentConfig.swift; sourceTree = "<group>"; };
		C33604AB2430936500FC8B31 /* WMTweetMultipleImageContentView.swift */ = {isa = PBXFileReference; lastKnownFileType = sourcecode.swift; path = WMTweetMultipleImageContentView.swift; sourceTree = "<group>"; };
		C33604AD2430940300FC8B31 /* WMMultipleImageContentConfig.swift */ = {isa = PBXFileReference; lastKnownFileType = sourcecode.swift; path = WMMultipleImageContentConfig.swift; sourceTree = "<group>"; };
		C345B0D0242EE45200B7A7EC /* WechatMoments.app */ = {isa = PBXFileReference; explicitFileType = wrapper.application; includeInIndex = 0; path = WechatMoments.app; sourceTree = BUILT_PRODUCTS_DIR; };
		C345B0D3242EE45200B7A7EC /* AppDelegate.swift */ = {isa = PBXFileReference; lastKnownFileType = sourcecode.swift; path = AppDelegate.swift; sourceTree = "<group>"; };
		C345B0D5242EE45200B7A7EC /* SceneDelegate.swift */ = {isa = PBXFileReference; lastKnownFileType = sourcecode.swift; path = SceneDelegate.swift; sourceTree = "<group>"; };
		C345B0DA242EE45200B7A7EC /* Base */ = {isa = PBXFileReference; lastKnownFileType = file.storyboard; name = Base; path = Base.lproj/Main.storyboard; sourceTree = "<group>"; };
		C345B0DC242EE45400B7A7EC /* Assets.xcassets */ = {isa = PBXFileReference; lastKnownFileType = folder.assetcatalog; path = Assets.xcassets; sourceTree = "<group>"; };
		C345B0DF242EE45400B7A7EC /* Base */ = {isa = PBXFileReference; lastKnownFileType = file.storyboard; name = Base; path = Base.lproj/LaunchScreen.storyboard; sourceTree = "<group>"; };
		C345B0E1242EE45400B7A7EC /* Info.plist */ = {isa = PBXFileReference; lastKnownFileType = text.plist.xml; path = Info.plist; sourceTree = "<group>"; };
		C345B0E6242EE45500B7A7EC /* WechatMomentsTests.xctest */ = {isa = PBXFileReference; explicitFileType = wrapper.cfbundle; includeInIndex = 0; path = WechatMomentsTests.xctest; sourceTree = BUILT_PRODUCTS_DIR; };
		C345B0EA242EE45500B7A7EC /* WechatMomentsTests.swift */ = {isa = PBXFileReference; lastKnownFileType = sourcecode.swift; path = WechatMomentsTests.swift; sourceTree = "<group>"; };
		C345B0EC242EE45500B7A7EC /* Info.plist */ = {isa = PBXFileReference; lastKnownFileType = text.plist.xml; path = Info.plist; sourceTree = "<group>"; };
		C345B0FC242EED9000B7A7EC /* WMTweetsListViewController.swift */ = {isa = PBXFileReference; lastKnownFileType = sourcecode.swift; path = WMTweetsListViewController.swift; sourceTree = "<group>"; };
		C345B0FE242EEDB300B7A7EC /* WMCustomNavBar.swift */ = {isa = PBXFileReference; lastKnownFileType = sourcecode.swift; path = WMCustomNavBar.swift; sourceTree = "<group>"; };
		C345B100242EF0DE00B7A7EC /* Pods_WechatMoments.framework */ = {isa = PBXFileReference; explicitFileType = wrapper.framework; path = Pods_WechatMoments.framework; sourceTree = BUILT_PRODUCTS_DIR; };
		C345B102242EF0E600B7A7EC /* SnapKit.framework */ = {isa = PBXFileReference; explicitFileType = wrapper.framework; path = SnapKit.framework; sourceTree = BUILT_PRODUCTS_DIR; };
		C345B104242EF53300B7A7EC /* homework.json */ = {isa = PBXFileReference; fileEncoding = 4; lastKnownFileType = text.json; path = homework.json; sourceTree = "<group>"; };
		C345B10A242EF77F00B7A7EC /* WMTweetModel.swift */ = {isa = PBXFileReference; lastKnownFileType = sourcecode.swift; path = WMTweetModel.swift; sourceTree = "<group>"; };
		C345B10E242F288500B7A7EC /* WMFileManager.swift */ = {isa = PBXFileReference; lastKnownFileType = sourcecode.swift; path = WMFileManager.swift; sourceTree = "<group>"; };
		C345B111242F29A900B7A7EC /* WMTweetCell.swift */ = {isa = PBXFileReference; lastKnownFileType = sourcecode.swift; path = WMTweetCell.swift; sourceTree = "<group>"; };
		C345B114242F2C9E00B7A7EC /* WMDataProvider.swift */ = {isa = PBXFileReference; lastKnownFileType = sourcecode.swift; path = WMDataProvider.swift; sourceTree = "<group>"; };
		C3F50ED7242F82D800AC24F8 /* WMAvatarImageView.swift */ = {isa = PBXFileReference; lastKnownFileType = sourcecode.swift; path = WMAvatarImageView.swift; sourceTree = "<group>"; };
		C3F50ED9242F83BE00AC24F8 /* WMConfig.swift */ = {isa = PBXFileReference; lastKnownFileType = sourcecode.swift; path = WMConfig.swift; sourceTree = "<group>"; };
		C3F50EDC242F858B00AC24F8 /* ImageExtension.swift */ = {isa = PBXFileReference; lastKnownFileType = sourcecode.swift; path = ImageExtension.swift; sourceTree = "<group>"; };
		C3F50EDE242F931A00AC24F8 /* WMCommentsView.swift */ = {isa = PBXFileReference; lastKnownFileType = sourcecode.swift; path = WMCommentsView.swift; sourceTree = "<group>"; };
		C3F50EE1242F99A400AC24F8 /* WMCellLayoutConfigProtocol.swift */ = {isa = PBXFileReference; lastKnownFileType = sourcecode.swift; path = WMCellLayoutConfigProtocol.swift; sourceTree = "<group>"; };
		C3F50EE3242F9DC700AC24F8 /* WMTweetContentView.swift */ = {isa = PBXFileReference; lastKnownFileType = sourcecode.swift; path = WMTweetContentView.swift; sourceTree = "<group>"; };
		C3F50EE5242FA11F00AC24F8 /* WMCellLayoutConfig.swift */ = {isa = PBXFileReference; lastKnownFileType = sourcecode.swift; path = WMCellLayoutConfig.swift; sourceTree = "<group>"; };
		C3F50EE8242FA3C000AC24F8 /* WMCellContentConfigProtocol.swift */ = {isa = PBXFileReference; lastKnownFileType = sourcecode.swift; path = WMCellContentConfigProtocol.swift; sourceTree = "<group>"; };
		C3F50EEB242FA63700AC24F8 /* WMTextContentConfig.swift */ = {isa = PBXFileReference; lastKnownFileType = sourcecode.swift; path = WMTextContentConfig.swift; sourceTree = "<group>"; };
		C3F50EED242FA84A00AC24F8 /* WMTweetTextContentView.swift */ = {isa = PBXFileReference; lastKnownFileType = sourcecode.swift; path = WMTweetTextContentView.swift; sourceTree = "<group>"; };
/* End PBXFileReference section */

/* Begin PBXFrameworksBuildPhase section */
		C345B0CD242EE45200B7A7EC /* Frameworks */ = {
			isa = PBXFrameworksBuildPhase;
			buildActionMask = 2147483647;
			files = (
				C345B101242EF0DE00B7A7EC /* Pods_WechatMoments.framework in Frameworks */,
			);
			runOnlyForDeploymentPostprocessing = 0;
		};
		C345B0E3242EE45500B7A7EC /* Frameworks */ = {
			isa = PBXFrameworksBuildPhase;
			buildActionMask = 2147483647;
			files = (
			);
			runOnlyForDeploymentPostprocessing = 0;
		};
/* End PBXFrameworksBuildPhase section */

/* Begin PBXGroup section */
		A2D9F4F6A7B6D64B052AC184 /* Pods */ = {
			isa = PBXGroup;
			children = (
				8E3D9E274724B3925F73C0F6 /* Pods-WechatMoments.debug.xcconfig */,
				B4A47CA3426B4FE3E1786EC0 /* Pods-WechatMoments.release.xcconfig */,
			);
			path = Pods;
			sourceTree = "<group>";
		};
		C3239BC72434950D000ED609 /* ImageCache */ = {
			isa = PBXGroup;
			children = (
				C3239BCA24349644000ED609 /* ImageCache.swift */,
				C31C0256243582E40030FA11 /* ImageCacheLoader.swift */,
				C31C02582435867F0030FA11 /* ImageDownloader.swift */,
				C31C025C2435909B0030FA11 /* ImageViewExtension.swift */,
				C31C025E243596D80030FA11 /* ImageLoadManager.swift */,
			);
			path = ImageCache;
			sourceTree = "<group>";
		};
		C33604A124304C2600FC8B31 /* Content */ = {
			isa = PBXGroup;
			children = (
				C3F50EEB242FA63700AC24F8 /* WMTextContentConfig.swift */,
				C33604A5243062DD00FC8B31 /* WMImageContentConfig.swift */,
				C33604A924307E8700FC8B31 /* WMTextImageContentConfig.swift */,
				C33604AD2430940300FC8B31 /* WMMultipleImageContentConfig.swift */,
			);
			path = Content;
			sourceTree = "<group>";
		};
		C33604A224304C9500FC8B31 /* Global */ = {
			isa = PBXGroup;
			children = (
				C3F50ED9242F83BE00AC24F8 /* WMConfig.swift */,
				C345B10E242F288500B7A7EC /* WMFileManager.swift */,
				C31B1AF62431EBA6002FE9A6 /* Constants.swift */,
			);
			path = Global;
			sourceTree = "<group>";
		};
		C33604AF2430D86C00FC8B31 /* Controller */ = {
			isa = PBXGroup;
			children = (
				C345B0FC242EED9000B7A7EC /* WMTweetsListViewController.swift */,
			);
			path = Controller;
			sourceTree = "<group>";
		};
		C345B0C7242EE45200B7A7EC = {
			isa = PBXGroup;
			children = (
				C345B0D2242EE45200B7A7EC /* WechatMoments */,
				C345B0E9242EE45500B7A7EC /* WechatMomentsTests */,
				C345B0D1242EE45200B7A7EC /* Products */,
				A2D9F4F6A7B6D64B052AC184 /* Pods */,
				CCD734DD52F7C5860EEBE157 /* Frameworks */,
			);
			sourceTree = "<group>";
		};
		C345B0D1242EE45200B7A7EC /* Products */ = {
			isa = PBXGroup;
			children = (
				C345B0D0242EE45200B7A7EC /* WechatMoments.app */,
				C345B0E6242EE45500B7A7EC /* WechatMomentsTests.xctest */,
			);
			name = Products;
			sourceTree = "<group>";
		};
		C345B0D2242EE45200B7A7EC /* WechatMoments */ = {
			isa = PBXGroup;
			children = (
				C345B107242EF55900B7A7EC /* Classes */,
				C345B108242EF57500B7A7EC /* Supporting Files */,
			);
			path = WechatMoments;
			sourceTree = "<group>";
		};
		C345B0E9242EE45500B7A7EC /* WechatMomentsTests */ = {
			isa = PBXGroup;
			children = (
				C345B0EA242EE45500B7A7EC /* WechatMomentsTests.swift */,
				C345B0EC242EE45500B7A7EC /* Info.plist */,
			);
			path = WechatMomentsTests;
			sourceTree = "<group>";
		};
		C345B107242EF55900B7A7EC /* Classes */ = {
			isa = PBXGroup;
			children = (
				C3239BC72434950D000ED609 /* ImageCache */,
				C33604AF2430D86C00FC8B31 /* Controller */,
				C33604A224304C9500FC8B31 /* Global */,
				C3F50EEA242FA61700AC24F8 /* Contents */,
				C3F50EE7242FA35B00AC24F8 /* Config */,
				C3F50EE0242F997600AC24F8 /* Protocol */,
				C3F50EDB242F855500AC24F8 /* Extension */,
				C345B113242F2C7400B7A7EC /* Service */,
				C345B110242F298600B7A7EC /* View */,
				C345B109242EF73D00B7A7EC /* Model */,
				C345B0D3242EE45200B7A7EC /* AppDelegate.swift */,
				C345B0D5242EE45200B7A7EC /* SceneDelegate.swift */,
				C336049F2430290000FC8B31 /* WMTweetTableViewAdapter.swift */,
			);
			path = Classes;
			sourceTree = "<group>";
		};
		C345B108242EF57500B7A7EC /* Supporting Files */ = {
			isa = PBXGroup;
			children = (
				C345B104242EF53300B7A7EC /* homework.json */,
				C345B0D9242EE45200B7A7EC /* Main.storyboard */,
				C345B0DC242EE45400B7A7EC /* Assets.xcassets */,
				C345B0DE242EE45400B7A7EC /* LaunchScreen.storyboard */,
				C345B0E1242EE45400B7A7EC /* Info.plist */,
			);
			path = "Supporting Files";
			sourceTree = "<group>";
		};
		C345B109242EF73D00B7A7EC /* Model */ = {
			isa = PBXGroup;
			children = (
				C345B10A242EF77F00B7A7EC /* WMTweetModel.swift */,
			);
			path = Model;
			sourceTree = "<group>";
		};
		C345B110242F298600B7A7EC /* View */ = {
			isa = PBXGroup;
			children = (
				C345B111242F29A900B7A7EC /* WMTweetCell.swift */,
				C345B0FE242EEDB300B7A7EC /* WMCustomNavBar.swift */,
				C3F50ED7242F82D800AC24F8 /* WMAvatarImageView.swift */,
				C3F50EDE242F931A00AC24F8 /* WMCommentsView.swift */,
				C31B1AF42431EB60002FE9A6 /* WMAlbumCover.swift */,
				C3239BC524345932000ED609 /* WMExtensionView.swift */,
			);
			path = View;
			sourceTree = "<group>";
		};
		C345B113242F2C7400B7A7EC /* Service */ = {
			isa = PBXGroup;
			children = (
				C345B114242F2C9E00B7A7EC /* WMDataProvider.swift */,
				C31D1CCC24331322005DB1A1 /* WMHTTPTool.swift */,
			);
			path = Service;
			sourceTree = "<group>";
		};
		C3F50EDB242F855500AC24F8 /* Extension */ = {
			isa = PBXGroup;
			children = (
				C3F50EDC242F858B00AC24F8 /* ImageExtension.swift */,
			);
			path = Extension;
			sourceTree = "<group>";
		};
		C3F50EE0242F997600AC24F8 /* Protocol */ = {
			isa = PBXGroup;
			children = (
				C3F50EE1242F99A400AC24F8 /* WMCellLayoutConfigProtocol.swift */,
				C3F50EE8242FA3C000AC24F8 /* WMCellContentConfigProtocol.swift */,
			);
			path = Protocol;
			sourceTree = "<group>";
		};
		C3F50EE7242FA35B00AC24F8 /* Config */ = {
			isa = PBXGroup;
			children = (
				C33604A124304C2600FC8B31 /* Content */,
				C3F50EE5242FA11F00AC24F8 /* WMCellLayoutConfig.swift */,
			);
			path = Config;
			sourceTree = "<group>";
		};
		C3F50EEA242FA61700AC24F8 /* Contents */ = {
			isa = PBXGroup;
			children = (
				C3F50EE3242F9DC700AC24F8 /* WMTweetContentView.swift */,
				C3F50EED242FA84A00AC24F8 /* WMTweetTextContentView.swift */,
				C33604A3243055E400FC8B31 /* WMTweetImageContentView.swift */,
				C33604AB2430936500FC8B31 /* WMTweetMultipleImageContentView.swift */,
				C33604A724307BEC00FC8B31 /* WMTweetTextImageContentView.swift */,
			);
			path = Contents;
			sourceTree = "<group>";
		};
		CCD734DD52F7C5860EEBE157 /* Frameworks */ = {
			isa = PBXGroup;
			children = (
				C345B102242EF0E600B7A7EC /* SnapKit.framework */,
				C345B100242EF0DE00B7A7EC /* Pods_WechatMoments.framework */,
				6E09B2921E7EDDA6DBD33F72 /* Pods_WechatMoments.framework */,
			);
			name = Frameworks;
			sourceTree = "<group>";
		};
/* End PBXGroup section */

/* Begin PBXNativeTarget section */
		C345B0CF242EE45200B7A7EC /* WechatMoments */ = {
			isa = PBXNativeTarget;
			buildConfigurationList = C345B0EF242EE45500B7A7EC /* Build configuration list for PBXNativeTarget "WechatMoments" */;
			buildPhases = (
				5085286A367281302EFB6A13 /* [CP] Check Pods Manifest.lock */,
				C345B0CC242EE45200B7A7EC /* Sources */,
				C345B0CD242EE45200B7A7EC /* Frameworks */,
				C345B0CE242EE45200B7A7EC /* Resources */,
				E8FC984BA8AEA0984E678B82 /* [CP] Embed Pods Frameworks */,
			);
			buildRules = (
			);
			dependencies = (
			);
			name = WechatMoments;
			productName = WechatMoments;
			productReference = C345B0D0242EE45200B7A7EC /* WechatMoments.app */;
			productType = "com.apple.product-type.application";
		};
		C345B0E5242EE45500B7A7EC /* WechatMomentsTests */ = {
			isa = PBXNativeTarget;
			buildConfigurationList = C345B0F2242EE45500B7A7EC /* Build configuration list for PBXNativeTarget "WechatMomentsTests" */;
			buildPhases = (
				C345B0E2242EE45500B7A7EC /* Sources */,
				C345B0E3242EE45500B7A7EC /* Frameworks */,
				C345B0E4242EE45500B7A7EC /* Resources */,
			);
			buildRules = (
			);
			dependencies = (
				C345B0E8242EE45500B7A7EC /* PBXTargetDependency */,
			);
			name = WechatMomentsTests;
			productName = WechatMomentsTests;
			productReference = C345B0E6242EE45500B7A7EC /* WechatMomentsTests.xctest */;
			productType = "com.apple.product-type.bundle.unit-test";
		};
/* End PBXNativeTarget section */

/* Begin PBXProject section */
		C345B0C8242EE45200B7A7EC /* Project object */ = {
			isa = PBXProject;
			attributes = {
				LastSwiftUpdateCheck = 1130;
				LastUpgradeCheck = 1130;
				ORGANIZATIONNAME = "王宾宾";
				TargetAttributes = {
					C345B0CF242EE45200B7A7EC = {
						CreatedOnToolsVersion = 11.3.1;
					};
					C345B0E5242EE45500B7A7EC = {
						CreatedOnToolsVersion = 11.3.1;
						TestTargetID = C345B0CF242EE45200B7A7EC;
					};
				};
			};
			buildConfigurationList = C345B0CB242EE45200B7A7EC /* Build configuration list for PBXProject "WechatMoments" */;
			compatibilityVersion = "Xcode 9.3";
			developmentRegion = en;
			hasScannedForEncodings = 0;
			knownRegions = (
				en,
				Base,
			);
			mainGroup = C345B0C7242EE45200B7A7EC;
			productRefGroup = C345B0D1242EE45200B7A7EC /* Products */;
			projectDirPath = "";
			projectRoot = "";
			targets = (
				C345B0CF242EE45200B7A7EC /* WechatMoments */,
				C345B0E5242EE45500B7A7EC /* WechatMomentsTests */,
			);
		};
/* End PBXProject section */

/* Begin PBXResourcesBuildPhase section */
		C345B0CE242EE45200B7A7EC /* Resources */ = {
			isa = PBXResourcesBuildPhase;
			buildActionMask = 2147483647;
			files = (
				C345B0E0242EE45400B7A7EC /* LaunchScreen.storyboard in Resources */,
				C345B105242EF53300B7A7EC /* homework.json in Resources */,
				C345B0DD242EE45400B7A7EC /* Assets.xcassets in Resources */,
				C345B0DB242EE45200B7A7EC /* Main.storyboard in Resources */,
			);
			runOnlyForDeploymentPostprocessing = 0;
		};
		C345B0E4242EE45500B7A7EC /* Resources */ = {
			isa = PBXResourcesBuildPhase;
			buildActionMask = 2147483647;
			files = (
			);
			runOnlyForDeploymentPostprocessing = 0;
		};
/* End PBXResourcesBuildPhase section */

/* Begin PBXShellScriptBuildPhase section */
		5085286A367281302EFB6A13 /* [CP] Check Pods Manifest.lock */ = {
			isa = PBXShellScriptBuildPhase;
			buildActionMask = 2147483647;
			files = (
			);
			inputFileListPaths = (
			);
			inputPaths = (
				"${PODS_PODFILE_DIR_PATH}/Podfile.lock",
				"${PODS_ROOT}/Manifest.lock",
			);
			name = "[CP] Check Pods Manifest.lock";
			outputFileListPaths = (
			);
			outputPaths = (
				"$(DERIVED_FILE_DIR)/Pods-WechatMoments-checkManifestLockResult.txt",
			);
			runOnlyForDeploymentPostprocessing = 0;
			shellPath = /bin/sh;
			shellScript = "diff \"${PODS_PODFILE_DIR_PATH}/Podfile.lock\" \"${PODS_ROOT}/Manifest.lock\" > /dev/null\nif [ $? != 0 ] ; then\n    # print error to STDERR\n    echo \"error: The sandbox is not in sync with the Podfile.lock. Run 'pod install' or update your CocoaPods installation.\" >&2\n    exit 1\nfi\n# This output is used by Xcode 'outputs' to avoid re-running this script phase.\necho \"SUCCESS\" > \"${SCRIPT_OUTPUT_FILE_0}\"\n";
			showEnvVarsInLog = 0;
		};
		E8FC984BA8AEA0984E678B82 /* [CP] Embed Pods Frameworks */ = {
			isa = PBXShellScriptBuildPhase;
			buildActionMask = 2147483647;
			files = (
			);
			inputFileListPaths = (
				"${PODS_ROOT}/Target Support Files/Pods-WechatMoments/Pods-WechatMoments-frameworks-${CONFIGURATION}-input-files.xcfilelist",
			);
			name = "[CP] Embed Pods Frameworks";
			outputFileListPaths = (
				"${PODS_ROOT}/Target Support Files/Pods-WechatMoments/Pods-WechatMoments-frameworks-${CONFIGURATION}-output-files.xcfilelist",
			);
			runOnlyForDeploymentPostprocessing = 0;
			shellPath = /bin/sh;
			shellScript = "\"${PODS_ROOT}/Target Support Files/Pods-WechatMoments/Pods-WechatMoments-frameworks.sh\"\n";
			showEnvVarsInLog = 0;
		};
/* End PBXShellScriptBuildPhase section */

/* Begin PBXSourcesBuildPhase section */
		C345B0CC242EE45200B7A7EC /* Sources */ = {
			isa = PBXSourcesBuildPhase;
			buildActionMask = 2147483647;
			files = (
				C345B0FD242EED9000B7A7EC /* WMTweetsListViewController.swift in Sources */,
				C3F50EEE242FA84A00AC24F8 /* WMTweetTextContentView.swift in Sources */,
				C345B115242F2C9E00B7A7EC /* WMDataProvider.swift in Sources */,
				C3239BC624345932000ED609 /* WMExtensionView.swift in Sources */,
				C31B1AF52431EB60002FE9A6 /* WMAlbumCover.swift in Sources */,
				C31C0257243582E40030FA11 /* ImageCacheLoader.swift in Sources */,
				C3F50EEC242FA63700AC24F8 /* WMTextContentConfig.swift in Sources */,
				C345B112242F29A900B7A7EC /* WMTweetCell.swift in Sources */,
				C3F50EE9242FA3C000AC24F8 /* WMCellContentConfigProtocol.swift in Sources */,
				C31D1CCD24331322005DB1A1 /* WMHTTPTool.swift in Sources */,
				C33604AC2430936500FC8B31 /* WMTweetMultipleImageContentView.swift in Sources */,
				C3F50EE4242F9DC700AC24F8 /* WMTweetContentView.swift in Sources */,
				C33604A6243062DD00FC8B31 /* WMImageContentConfig.swift in Sources */,
				C3F50ED8242F82D800AC24F8 /* WMAvatarImageView.swift in Sources */,
				C31B1AF72431EBA6002FE9A6 /* Constants.swift in Sources */,
				C33604A4243055E400FC8B31 /* WMTweetImageContentView.swift in Sources */,
				C33604A824307BEC00FC8B31 /* WMTweetTextImageContentView.swift in Sources */,
				C33604A02430290000FC8B31 /* WMTweetTableViewAdapter.swift in Sources */,
				C345B0FF242EEDB300B7A7EC /* WMCustomNavBar.swift in Sources */,
				C33604AE2430940300FC8B31 /* WMMultipleImageContentConfig.swift in Sources */,
				C33604AA24307E8700FC8B31 /* WMTextImageContentConfig.swift in Sources */,
				C345B0D4242EE45200B7A7EC /* AppDelegate.swift in Sources */,
				C3F50EE2242F99A400AC24F8 /* WMCellLayoutConfigProtocol.swift in Sources */,
				C3F50EDF242F931A00AC24F8 /* WMCommentsView.swift in Sources */,
				C3239BCB24349644000ED609 /* ImageCache.swift in Sources */,
				C3F50EDD242F858B00AC24F8 /* ImageExtension.swift in Sources */,
				C3F50EE6242FA11F00AC24F8 /* WMCellLayoutConfig.swift in Sources */,
				C31C02592435867F0030FA11 /* ImageDownloader.swift in Sources */,
				C345B0D6242EE45200B7A7EC /* SceneDelegate.swift in Sources */,
				C31C025D2435909B0030FA11 /* ImageViewExtension.swift in Sources */,
				C3F50EDA242F83BE00AC24F8 /* WMConfig.swift in Sources */,
				C345B10B242EF77F00B7A7EC /* WMTweetModel.swift in Sources */,
				C345B10F242F288500B7A7EC /* WMFileManager.swift in Sources */,
				C31C025F243596D80030FA11 /* ImageLoadManager.swift in Sources */,
			);
			runOnlyForDeploymentPostprocessing = 0;
		};
		C345B0E2242EE45500B7A7EC /* Sources */ = {
			isa = PBXSourcesBuildPhase;
			buildActionMask = 2147483647;
			files = (
				C345B0EB242EE45500B7A7EC /* WechatMomentsTests.swift in Sources */,
			);
			runOnlyForDeploymentPostprocessing = 0;
		};
/* End PBXSourcesBuildPhase section */

/* Begin PBXTargetDependency section */
		C345B0E8242EE45500B7A7EC /* PBXTargetDependency */ = {
			isa = PBXTargetDependency;
			target = C345B0CF242EE45200B7A7EC /* WechatMoments */;
			targetProxy = C345B0E7242EE45500B7A7EC /* PBXContainerItemProxy */;
		};
/* End PBXTargetDependency section */

/* Begin PBXVariantGroup section */
		C345B0D9242EE45200B7A7EC /* Main.storyboard */ = {
			isa = PBXVariantGroup;
			children = (
				C345B0DA242EE45200B7A7EC /* Base */,
			);
			name = Main.storyboard;
			sourceTree = "<group>";
		};
		C345B0DE242EE45400B7A7EC /* LaunchScreen.storyboard */ = {
			isa = PBXVariantGroup;
			children = (
				C345B0DF242EE45400B7A7EC /* Base */,
			);
			name = LaunchScreen.storyboard;
			sourceTree = "<group>";
		};
/* End PBXVariantGroup section */

/* Begin XCBuildConfiguration section */
		C345B0ED242EE45500B7A7EC /* Debug */ = {
			isa = XCBuildConfiguration;
			buildSettings = {
				ALWAYS_SEARCH_USER_PATHS = NO;
				CLANG_ANALYZER_NONNULL = YES;
				CLANG_ANALYZER_NUMBER_OBJECT_CONVERSION = YES_AGGRESSIVE;
				CLANG_CXX_LANGUAGE_STANDARD = "gnu++14";
				CLANG_CXX_LIBRARY = "libc++";
				CLANG_ENABLE_MODULES = YES;
				CLANG_ENABLE_OBJC_ARC = YES;
				CLANG_ENABLE_OBJC_WEAK = YES;
				CLANG_WARN_BLOCK_CAPTURE_AUTORELEASING = YES;
				CLANG_WARN_BOOL_CONVERSION = YES;
				CLANG_WARN_COMMA = YES;
				CLANG_WARN_CONSTANT_CONVERSION = YES;
				CLANG_WARN_DEPRECATED_OBJC_IMPLEMENTATIONS = YES;
				CLANG_WARN_DIRECT_OBJC_ISA_USAGE = YES_ERROR;
				CLANG_WARN_DOCUMENTATION_COMMENTS = YES;
				CLANG_WARN_EMPTY_BODY = YES;
				CLANG_WARN_ENUM_CONVERSION = YES;
				CLANG_WARN_INFINITE_RECURSION = YES;
				CLANG_WARN_INT_CONVERSION = YES;
				CLANG_WARN_NON_LITERAL_NULL_CONVERSION = YES;
				CLANG_WARN_OBJC_IMPLICIT_RETAIN_SELF = YES;
				CLANG_WARN_OBJC_LITERAL_CONVERSION = YES;
				CLANG_WARN_OBJC_ROOT_CLASS = YES_ERROR;
				CLANG_WARN_RANGE_LOOP_ANALYSIS = YES;
				CLANG_WARN_STRICT_PROTOTYPES = YES;
				CLANG_WARN_SUSPICIOUS_MOVE = YES;
				CLANG_WARN_UNGUARDED_AVAILABILITY = YES_AGGRESSIVE;
				CLANG_WARN_UNREACHABLE_CODE = YES;
				CLANG_WARN__DUPLICATE_METHOD_MATCH = YES;
				COPY_PHASE_STRIP = NO;
				DEBUG_INFORMATION_FORMAT = dwarf;
				ENABLE_STRICT_OBJC_MSGSEND = YES;
				ENABLE_TESTABILITY = YES;
				GCC_C_LANGUAGE_STANDARD = gnu11;
				GCC_DYNAMIC_NO_PIC = NO;
				GCC_NO_COMMON_BLOCKS = YES;
				GCC_OPTIMIZATION_LEVEL = 0;
				GCC_PREPROCESSOR_DEFINITIONS = (
					"DEBUG=1",
					"$(inherited)",
				);
				GCC_WARN_64_TO_32_BIT_CONVERSION = YES;
				GCC_WARN_ABOUT_RETURN_TYPE = YES_ERROR;
				GCC_WARN_UNDECLARED_SELECTOR = YES;
				GCC_WARN_UNINITIALIZED_AUTOS = YES_AGGRESSIVE;
				GCC_WARN_UNUSED_FUNCTION = YES;
				GCC_WARN_UNUSED_VARIABLE = YES;
				IPHONEOS_DEPLOYMENT_TARGET = 13.2;
				MTL_ENABLE_DEBUG_INFO = INCLUDE_SOURCE;
				MTL_FAST_MATH = YES;
				ONLY_ACTIVE_ARCH = YES;
				SDKROOT = iphoneos;
				SWIFT_ACTIVE_COMPILATION_CONDITIONS = DEBUG;
				SWIFT_OPTIMIZATION_LEVEL = "-Onone";
			};
			name = Debug;
		};
		C345B0EE242EE45500B7A7EC /* Release */ = {
			isa = XCBuildConfiguration;
			buildSettings = {
				ALWAYS_SEARCH_USER_PATHS = NO;
				CLANG_ANALYZER_NONNULL = YES;
				CLANG_ANALYZER_NUMBER_OBJECT_CONVERSION = YES_AGGRESSIVE;
				CLANG_CXX_LANGUAGE_STANDARD = "gnu++14";
				CLANG_CXX_LIBRARY = "libc++";
				CLANG_ENABLE_MODULES = YES;
				CLANG_ENABLE_OBJC_ARC = YES;
				CLANG_ENABLE_OBJC_WEAK = YES;
				CLANG_WARN_BLOCK_CAPTURE_AUTORELEASING = YES;
				CLANG_WARN_BOOL_CONVERSION = YES;
				CLANG_WARN_COMMA = YES;
				CLANG_WARN_CONSTANT_CONVERSION = YES;
				CLANG_WARN_DEPRECATED_OBJC_IMPLEMENTATIONS = YES;
				CLANG_WARN_DIRECT_OBJC_ISA_USAGE = YES_ERROR;
				CLANG_WARN_DOCUMENTATION_COMMENTS = YES;
				CLANG_WARN_EMPTY_BODY = YES;
				CLANG_WARN_ENUM_CONVERSION = YES;
				CLANG_WARN_INFINITE_RECURSION = YES;
				CLANG_WARN_INT_CONVERSION = YES;
				CLANG_WARN_NON_LITERAL_NULL_CONVERSION = YES;
				CLANG_WARN_OBJC_IMPLICIT_RETAIN_SELF = YES;
				CLANG_WARN_OBJC_LITERAL_CONVERSION = YES;
				CLANG_WARN_OBJC_ROOT_CLASS = YES_ERROR;
				CLANG_WARN_RANGE_LOOP_ANALYSIS = YES;
				CLANG_WARN_STRICT_PROTOTYPES = YES;
				CLANG_WARN_SUSPICIOUS_MOVE = YES;
				CLANG_WARN_UNGUARDED_AVAILABILITY = YES_AGGRESSIVE;
				CLANG_WARN_UNREACHABLE_CODE = YES;
				CLANG_WARN__DUPLICATE_METHOD_MATCH = YES;
				COPY_PHASE_STRIP = NO;
				DEBUG_INFORMATION_FORMAT = "dwarf-with-dsym";
				ENABLE_NS_ASSERTIONS = NO;
				ENABLE_STRICT_OBJC_MSGSEND = YES;
				GCC_C_LANGUAGE_STANDARD = gnu11;
				GCC_NO_COMMON_BLOCKS = YES;
				GCC_WARN_64_TO_32_BIT_CONVERSION = YES;
				GCC_WARN_ABOUT_RETURN_TYPE = YES_ERROR;
				GCC_WARN_UNDECLARED_SELECTOR = YES;
				GCC_WARN_UNINITIALIZED_AUTOS = YES_AGGRESSIVE;
				GCC_WARN_UNUSED_FUNCTION = YES;
				GCC_WARN_UNUSED_VARIABLE = YES;
				IPHONEOS_DEPLOYMENT_TARGET = 13.2;
				MTL_ENABLE_DEBUG_INFO = NO;
				MTL_FAST_MATH = YES;
				SDKROOT = iphoneos;
				SWIFT_COMPILATION_MODE = wholemodule;
				SWIFT_OPTIMIZATION_LEVEL = "-O";
				VALIDATE_PRODUCT = YES;
			};
			name = Release;
		};
		C345B0F0242EE45500B7A7EC /* Debug */ = {
			isa = XCBuildConfiguration;
			baseConfigurationReference = 8E3D9E274724B3925F73C0F6 /* Pods-WechatMoments.debug.xcconfig */;
			buildSettings = {
				ALWAYS_SEARCH_USER_PATHS = YES;
				ASSETCATALOG_COMPILER_APPICON_NAME = AppIcon;
				CODE_SIGN_STYLE = Automatic;
				INFOPLIST_FILE = "WechatMoments/Supporting Files/Info.plist";
				LD_RUNPATH_SEARCH_PATHS = (
					"$(inherited)",
					"@executable_path/Frameworks",
				);
				PRODUCT_BUNDLE_IDENTIFIER = com.wangbinsf.WechatMoments;
				PRODUCT_NAME = "$(TARGET_NAME)";
				SWIFT_VERSION = 5.0;
				TARGETED_DEVICE_FAMILY = "1,2";
				USER_HEADER_SEARCH_PATHS = "${SRCROOT}/**";
			};
			name = Debug;
		};
		C345B0F1242EE45500B7A7EC /* Release */ = {
			isa = XCBuildConfiguration;
			baseConfigurationReference = B4A47CA3426B4FE3E1786EC0 /* Pods-WechatMoments.release.xcconfig */;
			buildSettings = {
				ALWAYS_SEARCH_USER_PATHS = YES;
				ASSETCATALOG_COMPILER_APPICON_NAME = AppIcon;
				CODE_SIGN_STYLE = Automatic;
				INFOPLIST_FILE = "WechatMoments/Supporting Files/Info.plist";
				LD_RUNPATH_SEARCH_PATHS = (
					"$(inherited)",
					"@executable_path/Frameworks",
				);
				PRODUCT_BUNDLE_IDENTIFIER = com.wangbinsf.WechatMoments;
				PRODUCT_NAME = "$(TARGET_NAME)";
				SWIFT_VERSION = 5.0;
				TARGETED_DEVICE_FAMILY = "1,2";
				USER_HEADER_SEARCH_PATHS = "${SRCROOT}/**";
			};
			name = Release;
		};
		C345B0F3242EE45500B7A7EC /* Debug */ = {
			isa = XCBuildConfiguration;
			buildSettings = {
				ALWAYS_EMBED_SWIFT_STANDARD_LIBRARIES = YES;
				BUNDLE_LOADER = "$(TEST_HOST)";
				CODE_SIGN_STYLE = Automatic;
				INFOPLIST_FILE = WechatMomentsTests/Info.plist;
				IPHONEOS_DEPLOYMENT_TARGET = 13.2;
				LD_RUNPATH_SEARCH_PATHS = (
					"$(inherited)",
					"@executable_path/Frameworks",
					"@loader_path/Frameworks",
				);
				PRODUCT_BUNDLE_IDENTIFIER = com.wangbinsf.WechatMomentsTests;
				PRODUCT_NAME = "$(TARGET_NAME)";
				SWIFT_VERSION = 5.0;
				TARGETED_DEVICE_FAMILY = "1,2";
				TEST_HOST = "$(BUILT_PRODUCTS_DIR)/WechatMoments.app/WechatMoments";
			};
			name = Debug;
		};
		C345B0F4242EE45500B7A7EC /* Release */ = {
			isa = XCBuildConfiguration;
			buildSettings = {
				ALWAYS_EMBED_SWIFT_STANDARD_LIBRARIES = YES;
				BUNDLE_LOADER = "$(TEST_HOST)";
				CODE_SIGN_STYLE = Automatic;
				INFOPLIST_FILE = WechatMomentsTests/Info.plist;
				IPHONEOS_DEPLOYMENT_TARGET = 13.2;
				LD_RUNPATH_SEARCH_PATHS = (
					"$(inherited)",
					"@executable_path/Frameworks",
					"@loader_path/Frameworks",
				);
				PRODUCT_BUNDLE_IDENTIFIER = com.wangbinsf.WechatMomentsTests;
				PRODUCT_NAME = "$(TARGET_NAME)";
				SWIFT_VERSION = 5.0;
				TARGETED_DEVICE_FAMILY = "1,2";
				TEST_HOST = "$(BUILT_PRODUCTS_DIR)/WechatMoments.app/WechatMoments";
			};
			name = Release;
		};
/* End XCBuildConfiguration section */

/* Begin XCConfigurationList section */
		C345B0CB242EE45200B7A7EC /* Build configuration list for PBXProject "WechatMoments" */ = {
			isa = XCConfigurationList;
			buildConfigurations = (
				C345B0ED242EE45500B7A7EC /* Debug */,
				C345B0EE242EE45500B7A7EC /* Release */,
			);
			defaultConfigurationIsVisible = 0;
			defaultConfigurationName = Release;
		};
		C345B0EF242EE45500B7A7EC /* Build configuration list for PBXNativeTarget "WechatMoments" */ = {
			isa = XCConfigurationList;
			buildConfigurations = (
				C345B0F0242EE45500B7A7EC /* Debug */,
				C345B0F1242EE45500B7A7EC /* Release */,
			);
			defaultConfigurationIsVisible = 0;
			defaultConfigurationName = Release;
		};
		C345B0F2242EE45500B7A7EC /* Build configuration list for PBXNativeTarget "WechatMomentsTests" */ = {
			isa = XCConfigurationList;
			buildConfigurations = (
				C345B0F3242EE45500B7A7EC /* Debug */,
				C345B0F4242EE45500B7A7EC /* Release */,
			);
			defaultConfigurationIsVisible = 0;
			defaultConfigurationName = Release;
		};
/* End XCConfigurationList section */
	};
	rootObject = C345B0C8242EE45200B7A7EC /* Project object */;
}
